# This file is automatically @generated by Wally.
# It is not intended for manual editing.
registry = "test"

[[package]]
name = "asyrawih/unrest-core-system"
version = "0.1.0"
dependencies = [["ByteNet", "elitriare/bytenet-max@1.0.0"]]

[[package]]
name = "elitriare/bytenet-max"
version = "1.0.0"
dependencies = []
