# This file is automatically @generated by Wally.
# It is not intended for manual editing.
registry = "test"

[[package]]
name = "asyrawih/unrest-core-system"
version = "0.1.0"
dependencies = [["Scythe", "synttx/scythe@1.2.2"]]

[[package]]
name = "synttx/scythe"
version = "1.2.2"
dependencies = []
