# This file is automatically @generated by Wally.
# It is not intended for manual editing.
registry = "test"

[[package]]
name = "asyrawih/unrest-workspace"
version = "0.0.0"
dependencies = [["ByteNet", "elitriare/bytenet-max@1.0.0"], ["Scythe", "synttx/scythe@1.2.2"]]

[[package]]
name = "elitriare/bytenet-max"
version = "1.0.0"
dependencies = []

[[package]]
name = "synttx/scythe"
version = "1.2.2"
dependencies = []
